
Microsoft Visual Studio Solution File, Format Version 12.00
# Visual Studio Version 18
VisualStudioVersion = 18.8.12023.21 stable
MinimumVisualStudioVersion = 10.0.40219.1
Project("{FAE04EC0-301F-11D3-BF4B-00C04F79EFBC}") = "TyreParameterRegression", "TyreParameterRegression.csproj", "{C600BDB9-C064-41B3-0CAB-3EDDF31B56EF}"
EndProject
Global
	GlobalSection(SolutionConfigurationPlatforms) = preSolution
		Debug|Any CPU = Debug|Any CPU
		Release|Any CPU = Release|Any CPU
	EndGlobalSection
	GlobalSection(ProjectConfigurationPlatforms) = postSolution
		{C600BDB9-C064-41B3-0CAB-3EDDF31B56EF}.Debug|Any CPU.ActiveCfg = Debug|Any CPU
		{C600BDB9-C064-41B3-0CAB-3EDDF31B56EF}.Debug|Any CPU.Build.0 = Debug|Any CPU
		{C600BDB9-C064-41B3-0CAB-3EDDF31B56EF}.Release|Any CPU.ActiveCfg = Release|Any CPU
		{C600BDB9-C064-41B3-0CAB-3EDDF31B56EF}.Release|Any CPU.Build.0 = Release|Any CPU
	EndGlobalSection
	GlobalSection(SolutionProperties) = preSolution
		HideSolutionNode = FALSE
	EndGlobalSection
	GlobalSection(ExtensibilityGlobals) = postSolution
		SolutionGuid = {257A23A5-A9F8-4825-BAD5-4CF1CA545B54}
	EndGlobalSection
EndGlobal
